{
  "name": "@zowe/cli-test-utils",
  "version": "7.0.0-next.202104121327",
  "lockfileVersion": 1,
  "requires": true,
  "dependencies": {
    "@types/js-yaml": {
      "version": "4.0.0",
      "resolved": "https://registry.npmjs.org/@types/js-yaml/-/js-yaml-4.0.0.tgz",
      "integrity": "sha512-4vlpCM5KPCL5CfGmTbpjwVKbISRYhduEJvvUWsH5EB7QInhEj94XPZ3ts/9FPiLZFqYO0xoW4ZL8z2AabTGgJA==",
      "dev": true
    },
    "@types/node": {
      "version": "14.14.37",
      "resolved": "https://registry.npmjs.org/@types/node/-/node-14.14.37.tgz",
      "integrity": "sha512-XYmBiy+ohOR4Lh5jE379fV2IU+6Jn4g5qASinhitfyO71b/sCo6MKsMLF5tc7Zf2CE8hViVQyYSobJNke8OvUw==",
      "dev": true
    },
    "@types/uuid": {
      "version": "8.3.0",
      "resolved": "https://registry.npmjs.org/@types/uuid/-/uuid-8.3.0.tgz",
      "integrity": "sha512-eQ9qFW/fhfGJF8WKHGEHZEyVWfZxrT+6CLIJGBcZPfxUh/+BnEj+UCGYMlr9qZuX/2AltsvwrGqp0LhEW8D0zQ==",
      "dev": true
    },
    "argparse": {
      "version": "2.0.1",
      "resolved": "https://registry.npmjs.org/argparse/-/argparse-2.0.1.tgz",
      "integrity": "sha512-8+9WqebbFzpX9OR+Wa6O29asIogeRMzcGtAINdpMHHyAg10f05aSFVBbcEqGf/PXw1EjAZ+q2/bEBg3DvurK3Q==",
      "dev": true
    },
    "find-up": {
      "version": "5.0.0",
      "resolved": "https://registry.npmjs.org/find-up/-/find-up-5.0.0.tgz",
      "integrity": "sha512-78/PXT1wlLLDgTzDs7sjq9hzz0vXD+zn+7wypEe4fXQxCmdmqfGsEPQxmiCSQI3ajFV91bVSsvNtrJRiW6nGng==",
      "dev": true,
      "requires": {
        "locate-path": "^6.0.0",
        "path-exists": "^4.0.0"
      }
    },
    "js-yaml": {
      "version": "4.0.0",
      "resolved": "https://registry.npmjs.org/js-yaml/-/js-yaml-4.0.0.tgz",
      "integrity": "sha512-pqon0s+4ScYUvX30wxQi3PogGFAlUyH0awepWvwkj4jD4v+ova3RiYw8bmA6x2rDrEaj8i/oWKoRxpVNW+Re8Q==",
      "dev": true,
      "requires": {
        "argparse": "^2.0.1"
      }
    },
    "locate-path": {
      "version": "6.0.0",
      "resolved": "https://registry.npmjs.org/locate-path/-/locate-path-6.0.0.tgz",
      "integrity": "sha512-iPZK6eYjbxRu3uB4/WZ3EsEIMJFMqAoopl3R+zuq0UjcAm/MO6KCweDgPfP3elTztoKP3KtnVHxTn2NHBSDVUw==",
      "dev": true,
      "requires": {
        "p-locate": "^5.0.0"
      }
    },
    "p-limit": {
      "version": "3.1.0",
      "resolved": "https://registry.npmjs.org/p-limit/-/p-limit-3.1.0.tgz",
      "integrity": "sha512-TYOanM3wGwNGsZN2cVTYPArw454xnXj5qmWF1bEoAc4+cU/ol7GVh7odevjp1FNHduHc3KZMcFduxU5Xc6uJRQ==",
      "dev": true,
      "requires": {
        "yocto-queue": "^0.1.0"
      }
    },
    "p-locate": {
      "version": "5.0.0",
      "resolved": "https://registry.npmjs.org/p-locate/-/p-locate-5.0.0.tgz",
      "integrity": "sha512-LaNjtRWUBY++zB5nE/NwcaoMylSPk+S+ZHNB1TzdbMJMny6dynpAGt7X/tl/QYq3TIeE6nxHppbo2LGymrG5Pw==",
      "dev": true,
      "requires": {
        "p-limit": "^3.0.2"
      }
    },
    "path-exists": {
      "version": "4.0.0",
      "resolved": "https://registry.npmjs.org/path-exists/-/path-exists-4.0.0.tgz",
      "integrity": "sha512-ak9Qy5Q7jYb2Wwcey5Fpvg2KoAc/ZIhLSLOSBmRmygPsGwkVVt0fZa0qrtMz+m6tJTAHfZQ8FnmB4MG4LWy7/w==",
      "dev": true
    },
    "typescript": {
      "version": "4.2.3",
      "resolved": "https://registry.npmjs.org/typescript/-/typescript-4.2.3.tgz",
      "integrity": "sha512-qOcYwxaByStAWrBf4x0fibwZvMRG+r4cQoTjbPtUlrWjBHbmCAww1i448U0GJ+3cNNEtebDteo/cHOR3xJ4wEw==",
      "dev": true
    },
    "uuid": {
      "version": "8.3.2",
      "resolved": "https://registry.npmjs.org/uuid/-/uuid-8.3.2.tgz",
      "integrity": "sha512-+NYs2QeMWy+GWFOEm9xnn6HCDp0l7QBD7ml8zLUmJ+93Q5NF0NocErnwkTkXVFNiX3/fpC6afS8Dhb/gz7R7eg==",
      "dev": true
    },
    "yocto-queue": {
      "version": "0.1.0",
      "resolved": "https://registry.npmjs.org/yocto-queue/-/yocto-queue-0.1.0.tgz",
      "integrity": "sha512-rVksvsnNCdJ/ohGc6xgPwyN8eheCxsiLM8mxuE/t/mOVqJewPuO1miLpTHQiRgTKCLexL4MeAFVagts7HmNZ2Q==",
      "dev": true
    }
  }
}
