{
	"name": "@zowe/cli",
	"version": "6.21.1",
	"lockfileVersion": 1,
	"requires": true,
	"dependencies": {
		"typedoc-plugin-external-module-map": {
			"version": "1.2.1",
			"resolved": "https://registry.npmjs.org/typedoc-plugin-external-module-map/-/typedoc-plugin-external-module-map-1.2.1.tgz",
			"integrity": "sha512-ha+he4JFhCufF6wnpMpeH2XwsMgnYR6IrRUBCiMbZoYoudn6zICX7NA40pMjA35A6afxWNhKZU19pXnvysPK7A==",
			"dev": true
		}
	}
}
